PATH
  remote: .
  specs:
    deprecool (0.1.3)
      dry-cli (>= 1.0)
      prism (>= 1.0)

GEM
  remote: https://rubygems.org/
  specs:
    drb (2.2.3)
    dry-cli (1.4.1)
    minitest (6.0.6)
      drb (~> 2.0)
      prism (~> 1.5)
    prism (1.9.0)
    rake (13.4.2)

PLATFORMS
  arm64-darwin-24
  ruby

DEPENDENCIES
  deprecool!
  minitest
  rake

CHECKSUMS
  deprecool (0.1.3)
  drb (2.2.3) sha256=0b00d6fdb50995fe4a45dea13663493c841112e4068656854646f418fda13373
  dry-cli (1.4.1) sha256=b8015bb76c708aa8705a36faf694973e75eeeffca39b89c8e172dc6f66a7d874
  minitest (6.0.6) sha256=153ea36d1d987a62942382b61075745042a2b3123b1cd48f4c3675af9cc7d6f1
  prism (1.9.0) sha256=7b530c6a9f92c24300014919c9dcbc055bf4cdf51ec30aed099b06cd6674ef85
  rake (13.4.2) sha256=cb825b2bd5f1f8e91ca37bddb4b9aaf345551b4731da62949be002fa89283701

BUNDLED WITH
  4.0.8
